{
  "name": "portfolio-monorepo",
  "version": "1.0.0",
  "lockfileVersion": 3,
  "requires": true,
  "packages": {
    "": {
      "name": "portfolio-monorepo",
      "version": "1.0.0",
      "hasInstallScript": true
    },
    "backend": {
      "name": "portfolio-backend",
      "version": "1.0.0",
      "extraneous": true,
      "dependencies": {
        "@types/nodemailer": "^7.0.1",
        "cors": "^2.8.5",
        "dotenv": "^16.3.1",
        "express": "^4.18.2",
        "nodemailer": "^7.0.6"
      },
      "devDependencies": {
        "@types/cors": "^2.8.13",
        "@types/express": "^4.17.17",
        "@types/node": "^20.5.0",
        "nodemon": "^3.0.1",
        "ts-node": "^10.9.1",
        "typescript": "^5.1.6"
      }
    },
    "frontend": {
      "version": "0.1.0",
      "extraneous": true,
      "dependencies": {
        "clsx": "^2.1.1",
        "framer-motion": "^12.23.16",
        "lucide-react": "^0.544.0",
        "next": "15.5.3",
        "react": "19.1.0",
        "react-dom": "19.1.0",
        "tailwind-merge": "^3.3.1"
      },
      "devDependencies": {
        "@eslint/eslintrc": "^3",
        "@types/node": "^20",
        "@types/react": "^19",
        "@types/react-dom": "^19",
        "autoprefixer": "^10.4.21",
        "eslint": "^9",
        "eslint-config-next": "15.5.3",
        "postcss": "^8.5.6",
        "tailwindcss": "^3.4.17",
        "typescript": "^5"
      }
    }
  }
}
